// !$*UTF8*$!
{
	archiveVersion = 1;
	classes = {
	};
	objectVersion = 46;
	objects = {

/* Begin PBXBuildFile section */
		C0FD1FB51E826EE700261EAE /* main.m in Sources */ = {isa = PBXBuildFile; fileRef = C0FD1FB41E826EE700261EAE /* main.m */; };
		C0FD1FC21E826EFC00261EAE /* main.m in Sources */ = {isa = PBXBuildFile; fileRef = C0FD1FC11E826EFC00261EAE /* main.m */; };
		C0FD1FC81E826F0C00261EAE /* MYClass.m in Sources */ = {isa = PBXBuildFile; fileRef = C0FD1FC71E826F0C00261EAE /* MYClass.m */; };
		C0FD1FD01E826F3C00261EAE /* main.m in Sources */ = {isa = PBXBuildFile; fileRef = C0FD1FCF1E826F3C00261EAE /* main.m */; };
		C0FD1FD61E826F5000261EAE /* MYClass.m in Sources */ = {isa = PBXBuildFile; fileRef = C0FD1FD51E826F5000261EAE /* MYClass.m */; };
		C0FD1FDE1E82709600261EAE /* main.m in Sources */ = {isa = PBXBuildFile; fileRef = C0FD1FDD1E82709600261EAE /* main.m */; };
		C0FD1FE41E8270BA00261EAE /* MYClass.m in Sources */ = {isa = PBXBuildFile; fileRef = C0FD1FE31E8270BA00261EAE /* MYClass.m */; };
/* End PBXBuildFile section */

/* Begin PBXCopyFilesBuildPhase section */
		C0FD1FAF1E826EE700261EAE /* CopyFiles */ = {
			isa = PBXCopyFilesBuildPhase;
			buildActionMask = 2147483647;
			dstPath = /usr/share/man/man1/;
			dstSubfolderSpec = 0;
			files = (
			);
			runOnlyForDeploymentPostprocessing = 1;
		};
		C0FD1FBD1E826EFC00261EAE /* CopyFiles */ = {
			isa = PBXCopyFilesBuildPhase;
			buildActionMask = 2147483647;
			dstPath = /usr/share/man/man1/;
			dstSubfolderSpec = 0;
			files = (
			);
			runOnlyForDeploymentPostprocessing = 1;
		};
		C0FD1FCB1E826F3C00261EAE /* CopyFiles */ = {
			isa = PBXCopyFilesBuildPhase;
			buildActionMask = 2147483647;
			dstPath = /usr/share/man/man1/;
			dstSubfolderSpec = 0;
			files = (
			);
			runOnlyForDeploymentPostprocessing = 1;
		};
		C0FD1FD91E82709600261EAE /* CopyFiles */ = {
			isa = PBXCopyFilesBuildPhase;
			buildActionMask = 2147483647;
			dstPath = /usr/share/man/man1/;
			dstSubfolderSpec = 0;
			files = (
			);
			runOnlyForDeploymentPostprocessing = 1;
		};
/* End PBXCopyFilesBuildPhase section */

/* Begin PBXFileReference section */
		C0FD1FB11E826EE700261EAE /* 3.5.3 */ = {isa = PBXFileReference; explicitFileType = "compiled.mach-o.executable"; includeInIndex = 0; path = 3.5.3; sourceTree = BUILT_PRODUCTS_DIR; };
		C0FD1FB41E826EE700261EAE /* main.m */ = {isa = PBXFileReference; lastKnownFileType = sourcecode.c.objc; path = main.m; sourceTree = "<group>"; };
		C0FD1FBF1E826EFC00261EAE /* 在方法之内定义静态变量 */ = {isa = PBXFileReference; explicitFileType = "compiled.mach-o.executable"; includeInIndex = 0; path = "在方法之内定义静态变量"; sourceTree = BUILT_PRODUCTS_DIR; };
		C0FD1FC11E826EFC00261EAE /* main.m */ = {isa = PBXFileReference; lastKnownFileType = sourcecode.c.objc; path = main.m; sourceTree = "<group>"; };
		C0FD1FC61E826F0B00261EAE /* MYClass.h */ = {isa = PBXFileReference; fileEncoding = 4; lastKnownFileType = sourcecode.c.h; path = MYClass.h; sourceTree = "<group>"; };
		C0FD1FC71E826F0C00261EAE /* MYClass.m */ = {isa = PBXFileReference; fileEncoding = 4; lastKnownFileType = sourcecode.c.objc; path = MYClass.m; sourceTree = "<group>"; };
		C0FD1FCD1E826F3C00261EAE /* 在方法之外定义静态变量 */ = {isa = PBXFileReference; explicitFileType = "compiled.mach-o.executable"; includeInIndex = 0; path = "在方法之外定义静态变量"; sourceTree = BUILT_PRODUCTS_DIR; };
		C0FD1FCF1E826F3C00261EAE /* main.m */ = {isa = PBXFileReference; lastKnownFileType = sourcecode.c.objc; path = main.m; sourceTree = "<group>"; };
		C0FD1FD41E826F5000261EAE /* MYClass.h */ = {isa = PBXFileReference; fileEncoding = 4; lastKnownFileType = sourcecode.c.h; path = MYClass.h; sourceTree = "<group>"; };
		C0FD1FD51E826F5000261EAE /* MYClass.m */ = {isa = PBXFileReference; fileEncoding = 4; lastKnownFileType = sourcecode.c.objc; path = MYClass.m; sourceTree = "<group>"; };
		C0FD1FDB1E82709600261EAE /* 静态变量的重要特性 */ = {isa = PBXFileReference; explicitFileType = "compiled.mach-o.executable"; includeInIndex = 0; path = "静态变量的重要特性"; sourceTree = BUILT_PRODUCTS_DIR; };
		C0FD1FDD1E82709600261EAE /* main.m */ = {isa = PBXFileReference; lastKnownFileType = sourcecode.c.objc; path = main.m; sourceTree = "<group>"; };
		C0FD1FE21E8270BA00261EAE /* MYClass.h */ = {isa = PBXFileReference; fileEncoding = 4; lastKnownFileType = sourcecode.c.h; path = MYClass.h; sourceTree = "<group>"; };
		C0FD1FE31E8270BA00261EAE /* MYClass.m */ = {isa = PBXFileReference; fileEncoding = 4; lastKnownFileType = sourcecode.c.objc; path = MYClass.m; sourceTree = "<group>"; };
/* End PBXFileReference section */

/* Begin PBXFrameworksBuildPhase section */
		C0FD1FAE1E826EE700261EAE /* Frameworks */ = {
			isa = PBXFrameworksBuildPhase;
			buildActionMask = 2147483647;
			files = (
			);
			runOnlyForDeploymentPostprocessing = 0;
		};
		C0FD1FBC1E826EFC00261EAE /* Frameworks */ = {
			isa = PBXFrameworksBuildPhase;
			buildActionMask = 2147483647;
			files = (
			);
			runOnlyForDeploymentPostprocessing = 0;
		};
		C0FD1FCA1E826F3C00261EAE /* Frameworks */ = {
			isa = PBXFrameworksBuildPhase;
			buildActionMask = 2147483647;
			files = (
			);
			runOnlyForDeploymentPostprocessing = 0;
		};
		C0FD1FD81E82709600261EAE /* Frameworks */ = {
			isa = PBXFrameworksBuildPhase;
			buildActionMask = 2147483647;
			files = (
			);
			runOnlyForDeploymentPostprocessing = 0;
		};
/* End PBXFrameworksBuildPhase section */

/* Begin PBXGroup section */
		C0FD1FA81E826EE700261EAE = {
			isa = PBXGroup;
			children = (
				C0FD1FB31E826EE700261EAE /* 3.5.3 */,
				C0FD1FC01E826EFC00261EAE /* 在方法之内定义静态变量 */,
				C0FD1FCE1E826F3C00261EAE /* 在方法之外定义静态变量 */,
				C0FD1FDC1E82709600261EAE /* 静态变量的重要特性 */,
				C0FD1FB21E826EE700261EAE /* Products */,
			);
			sourceTree = "<group>";
		};
		C0FD1FB21E826EE700261EAE /* Products */ = {
			isa = PBXGroup;
			children = (
				C0FD1FB11E826EE700261EAE /* 3.5.3 */,
				C0FD1FBF1E826EFC00261EAE /* 在方法之内定义静态变量 */,
				C0FD1FCD1E826F3C00261EAE /* 在方法之外定义静态变量 */,
				C0FD1FDB1E82709600261EAE /* 静态变量的重要特性 */,
			);
			name = Products;
			sourceTree = "<group>";
		};
		C0FD1FB31E826EE700261EAE /* 3.5.3 */ = {
			isa = PBXGroup;
			children = (
				C0FD1FB41E826EE700261EAE /* main.m */,
			);
			path = 3.5.3;
			sourceTree = "<group>";
		};
		C0FD1FC01E826EFC00261EAE /* 在方法之内定义静态变量 */ = {
			isa = PBXGroup;
			children = (
				C0FD1FC11E826EFC00261EAE /* main.m */,
				C0FD1FC61E826F0B00261EAE /* MYClass.h */,
				C0FD1FC71E826F0C00261EAE /* MYClass.m */,
			);
			path = "在方法之内定义静态变量";
			sourceTree = "<group>";
		};
		C0FD1FCE1E826F3C00261EAE /* 在方法之外定义静态变量 */ = {
			isa = PBXGroup;
			children = (
				C0FD1FCF1E826F3C00261EAE /* main.m */,
				C0FD1FD41E826F5000261EAE /* MYClass.h */,
				C0FD1FD51E826F5000261EAE /* MYClass.m */,
			);
			path = "在方法之外定义静态变量";
			sourceTree = "<group>";
		};
		C0FD1FDC1E82709600261EAE /* 静态变量的重要特性 */ = {
			isa = PBXGroup;
			children = (
				C0FD1FDD1E82709600261EAE /* main.m */,
				C0FD1FE21E8270BA00261EAE /* MYClass.h */,
				C0FD1FE31E8270BA00261EAE /* MYClass.m */,
			);
			path = "静态变量的重要特性";
			sourceTree = "<group>";
		};
/* End PBXGroup section */

/* Begin PBXNativeTarget section */
		C0FD1FB01E826EE700261EAE /* 3.5.3 */ = {
			isa = PBXNativeTarget;
			buildConfigurationList = C0FD1FB81E826EE700261EAE /* Build configuration list for PBXNativeTarget "3.5.3" */;
			buildPhases = (
				C0FD1FAD1E826EE700261EAE /* Sources */,
				C0FD1FAE1E826EE700261EAE /* Frameworks */,
				C0FD1FAF1E826EE700261EAE /* CopyFiles */,
			);
			buildRules = (
			);
			dependencies = (
			);
			name = 3.5.3;
			productName = 3.5.3;
			productReference = C0FD1FB11E826EE700261EAE /* 3.5.3 */;
			productType = "com.apple.product-type.tool";
		};
		C0FD1FBE1E826EFC00261EAE /* 在方法之内定义静态变量 */ = {
			isa = PBXNativeTarget;
			buildConfigurationList = C0FD1FC31E826EFC00261EAE /* Build configuration list for PBXNativeTarget "在方法之内定义静态变量" */;
			buildPhases = (
				C0FD1FBB1E826EFC00261EAE /* Sources */,
				C0FD1FBC1E826EFC00261EAE /* Frameworks */,
				C0FD1FBD1E826EFC00261EAE /* CopyFiles */,
			);
			buildRules = (
			);
			dependencies = (
			);
			name = "在方法之内定义静态变量";
			productName = "在方法之内定义静态变量";
			productReference = C0FD1FBF1E826EFC00261EAE /* 在方法之内定义静态变量 */;
			productType = "com.apple.product-type.tool";
		};
		C0FD1FCC1E826F3C00261EAE /* 在方法之外定义静态变量 */ = {
			isa = PBXNativeTarget;
			buildConfigurationList = C0FD1FD11E826F3C00261EAE /* Build configuration list for PBXNativeTarget "在方法之外定义静态变量" */;
			buildPhases = (
				C0FD1FC91E826F3C00261EAE /* Sources */,
				C0FD1FCA1E826F3C00261EAE /* Frameworks */,
				C0FD1FCB1E826F3C00261EAE /* CopyFiles */,
			);
			buildRules = (
			);
			dependencies = (
			);
			name = "在方法之外定义静态变量";
			productName = "在方法之外定义静态变量";
			productReference = C0FD1FCD1E826F3C00261EAE /* 在方法之外定义静态变量 */;
			productType = "com.apple.product-type.tool";
		};
		C0FD1FDA1E82709600261EAE /* 静态变量的重要特性 */ = {
			isa = PBXNativeTarget;
			buildConfigurationList = C0FD1FDF1E82709600261EAE /* Build configuration list for PBXNativeTarget "静态变量的重要特性" */;
			buildPhases = (
				C0FD1FD71E82709600261EAE /* Sources */,
				C0FD1FD81E82709600261EAE /* Frameworks */,
				C0FD1FD91E82709600261EAE /* CopyFiles */,
			);
			buildRules = (
			);
			dependencies = (
			);
			name = "静态变量的重要特性";
			productName = "静态变量的重要特性";
			productReference = C0FD1FDB1E82709600261EAE /* 静态变量的重要特性 */;
			productType = "com.apple.product-type.tool";
		};
/* End PBXNativeTarget section */

/* Begin PBXProject section */
		C0FD1FA91E826EE700261EAE /* Project object */ = {
			isa = PBXProject;
			attributes = {
				LastUpgradeCheck = 0820;
				ORGANIZATIONNAME = Liz;
				TargetAttributes = {
					C0FD1FB01E826EE700261EAE = {
						CreatedOnToolsVersion = 8.2;
						ProvisioningStyle = Automatic;
					};
					C0FD1FBE1E826EFC00261EAE = {
						CreatedOnToolsVersion = 8.2;
						ProvisioningStyle = Automatic;
					};
					C0FD1FCC1E826F3C00261EAE = {
						CreatedOnToolsVersion = 8.2;
						ProvisioningStyle = Automatic;
					};
					C0FD1FDA1E82709600261EAE = {
						CreatedOnToolsVersion = 8.2;
						ProvisioningStyle = Automatic;
					};
				};
			};
			buildConfigurationList = C0FD1FAC1E826EE700261EAE /* Build configuration list for PBXProject "3.5.3" */;
			compatibilityVersion = "Xcode 3.2";
			developmentRegion = English;
			hasScannedForEncodings = 0;
			knownRegions = (
				en,
			);
			mainGroup = C0FD1FA81E826EE700261EAE;
			productRefGroup = C0FD1FB21E826EE700261EAE /* Products */;
			projectDirPath = "";
			projectRoot = "";
			targets = (
				C0FD1FB01E826EE700261EAE /* 3.5.3 */,
				C0FD1FBE1E826EFC00261EAE /* 在方法之内定义静态变量 */,
				C0FD1FCC1E826F3C00261EAE /* 在方法之外定义静态变量 */,
				C0FD1FDA1E82709600261EAE /* 静态变量的重要特性 */,
			);
		};
/* End PBXProject section */

/* Begin PBXSourcesBuildPhase section */
		C0FD1FAD1E826EE700261EAE /* Sources */ = {
			isa = PBXSourcesBuildPhase;
			buildActionMask = 2147483647;
			files = (
				C0FD1FB51E826EE700261EAE /* main.m in Sources */,
			);
			runOnlyForDeploymentPostprocessing = 0;
		};
		C0FD1FBB1E826EFC00261EAE /* Sources */ = {
			isa = PBXSourcesBuildPhase;
			buildActionMask = 2147483647;
			files = (
				C0FD1FC81E826F0C00261EAE /* MYClass.m in Sources */,
				C0FD1FC21E826EFC00261EAE /* main.m in Sources */,
			);
			runOnlyForDeploymentPostprocessing = 0;
		};
		C0FD1FC91E826F3C00261EAE /* Sources */ = {
			isa = PBXSourcesBuildPhase;
			buildActionMask = 2147483647;
			files = (
				C0FD1FD61E826F5000261EAE /* MYClass.m in Sources */,
				C0FD1FD01E826F3C00261EAE /* main.m in Sources */,
			);
			runOnlyForDeploymentPostprocessing = 0;
		};
		C0FD1FD71E82709600261EAE /* Sources */ = {
			isa = PBXSourcesBuildPhase;
			buildActionMask = 2147483647;
			files = (
				C0FD1FE41E8270BA00261EAE /* MYClass.m in Sources */,
				C0FD1FDE1E82709600261EAE /* main.m in Sources */,
			);
			runOnlyForDeploymentPostprocessing = 0;
		};
/* End PBXSourcesBuildPhase section */

/* Begin XCBuildConfiguration section */
		C0FD1FB61E826EE700261EAE /* Debug */ = {
			isa = XCBuildConfiguration;
			buildSettings = {
				ALWAYS_SEARCH_USER_PATHS = NO;
				CLANG_ANALYZER_NONNULL = YES;
				CLANG_CXX_LANGUAGE_STANDARD = "gnu++0x";
				CLANG_CXX_LIBRARY = "libc++";
				CLANG_ENABLE_MODULES = YES;
				CLANG_ENABLE_OBJC_ARC = YES;
				CLANG_WARN_BOOL_CONVERSION = YES;
				CLANG_WARN_CONSTANT_CONVERSION = YES;
				CLANG_WARN_DIRECT_OBJC_ISA_USAGE = YES_ERROR;
				CLANG_WARN_DOCUMENTATION_COMMENTS = YES;
				CLANG_WARN_EMPTY_BODY = YES;
				CLANG_WARN_ENUM_CONVERSION = YES;
				CLANG_WARN_INFINITE_RECURSION = YES;
				CLANG_WARN_INT_CONVERSION = YES;
				CLANG_WARN_OBJC_ROOT_CLASS = YES_ERROR;
				CLANG_WARN_SUSPICIOUS_MOVE = YES;
				CLANG_WARN_UNREACHABLE_CODE = YES;
				CLANG_WARN__DUPLICATE_METHOD_MATCH = YES;
				CODE_SIGN_IDENTITY = "-";
				COPY_PHASE_STRIP = NO;
				DEBUG_INFORMATION_FORMAT = dwarf;
				ENABLE_STRICT_OBJC_MSGSEND = YES;
				ENABLE_TESTABILITY = YES;
				GCC_C_LANGUAGE_STANDARD = gnu99;
				GCC_DYNAMIC_NO_PIC = NO;
				GCC_NO_COMMON_BLOCKS = YES;
				GCC_OPTIMIZATION_LEVEL = 0;
				GCC_PREPROCESSOR_DEFINITIONS = (
					"DEBUG=1",
					"$(inherited)",
				);
				GCC_WARN_64_TO_32_BIT_CONVERSION = YES;
				GCC_WARN_ABOUT_RETURN_TYPE = YES_ERROR;
				GCC_WARN_UNDECLARED_SELECTOR = YES;
				GCC_WARN_UNINITIALIZED_AUTOS = YES_AGGRESSIVE;
				GCC_WARN_UNUSED_FUNCTION = YES;
				GCC_WARN_UNUSED_VARIABLE = YES;
				MACOSX_DEPLOYMENT_TARGET = 10.12;
				MTL_ENABLE_DEBUG_INFO = YES;
				ONLY_ACTIVE_ARCH = YES;
				SDKROOT = macosx;
			};
			name = Debug;
		};
		C0FD1FB71E826EE700261EAE /* Release */ = {
			isa = XCBuildConfiguration;
			buildSettings = {
				ALWAYS_SEARCH_USER_PATHS = NO;
				CLANG_ANALYZER_NONNULL = YES;
				CLANG_CXX_LANGUAGE_STANDARD = "gnu++0x";
				CLANG_CXX_LIBRARY = "libc++";
				CLANG_ENABLE_MODULES = YES;
				CLANG_ENABLE_OBJC_ARC = YES;
				CLANG_WARN_BOOL_CONVERSION = YES;
				CLANG_WARN_CONSTANT_CONVERSION = YES;
				CLANG_WARN_DIRECT_OBJC_ISA_USAGE = YES_ERROR;
				CLANG_WARN_DOCUMENTATION_COMMENTS = YES;
				CLANG_WARN_EMPTY_BODY = YES;
				CLANG_WARN_ENUM_CONVERSION = YES;
				CLANG_WARN_INFINITE_RECURSION = YES;
				CLANG_WARN_INT_CONVERSION = YES;
				CLANG_WARN_OBJC_ROOT_CLASS = YES_ERROR;
				CLANG_WARN_SUSPICIOUS_MOVE = YES;
				CLANG_WARN_UNREACHABLE_CODE = YES;
				CLANG_WARN__DUPLICATE_METHOD_MATCH = YES;
				CODE_SIGN_IDENTITY = "-";
				COPY_PHASE_STRIP = NO;
				DEBUG_INFORMATION_FORMAT = "dwarf-with-dsym";
				ENABLE_NS_ASSERTIONS = NO;
				ENABLE_STRICT_OBJC_MSGSEND = YES;
				GCC_C_LANGUAGE_STANDARD = gnu99;
				GCC_NO_COMMON_BLOCKS = YES;
				GCC_WARN_64_TO_32_BIT_CONVERSION = YES;
				GCC_WARN_ABOUT_RETURN_TYPE = YES_ERROR;
				GCC_WARN_UNDECLARED_SELECTOR = YES;
				GCC_WARN_UNINITIALIZED_AUTOS = YES_AGGRESSIVE;
				GCC_WARN_UNUSED_FUNCTION = YES;
				GCC_WARN_UNUSED_VARIABLE = YES;
				MACOSX_DEPLOYMENT_TARGET = 10.12;
				MTL_ENABLE_DEBUG_INFO = NO;
				SDKROOT = macosx;
			};
			name = Release;
		};
		C0FD1FB91E826EE700261EAE /* Debug */ = {
			isa = XCBuildConfiguration;
			buildSettings = {
				PRODUCT_NAME = "$(TARGET_NAME)";
			};
			name = Debug;
		};
		C0FD1FBA1E826EE700261EAE /* Release */ = {
			isa = XCBuildConfiguration;
			buildSettings = {
				PRODUCT_NAME = "$(TARGET_NAME)";
			};
			name = Release;
		};
		C0FD1FC41E826EFC00261EAE /* Debug */ = {
			isa = XCBuildConfiguration;
			buildSettings = {
				PRODUCT_NAME = "$(TARGET_NAME)";
			};
			name = Debug;
		};
		C0FD1FC51E826EFC00261EAE /* Release */ = {
			isa = XCBuildConfiguration;
			buildSettings = {
				PRODUCT_NAME = "$(TARGET_NAME)";
			};
			name = Release;
		};
		C0FD1FD21E826F3C00261EAE /* Debug */ = {
			isa = XCBuildConfiguration;
			buildSettings = {
				PRODUCT_NAME = "$(TARGET_NAME)";
			};
			name = Debug;
		};
		C0FD1FD31E826F3C00261EAE /* Release */ = {
			isa = XCBuildConfiguration;
			buildSettings = {
				PRODUCT_NAME = "$(TARGET_NAME)";
			};
			name = Release;
		};
		C0FD1FE01E82709600261EAE /* Debug */ = {
			isa = XCBuildConfiguration;
			buildSettings = {
				PRODUCT_NAME = "$(TARGET_NAME)";
			};
			name = Debug;
		};
		C0FD1FE11E82709600261EAE /* Release */ = {
			isa = XCBuildConfiguration;
			buildSettings = {
				PRODUCT_NAME = "$(TARGET_NAME)";
			};
			name = Release;
		};
/* End XCBuildConfiguration section */

/* Begin XCConfigurationList section */
		C0FD1FAC1E826EE700261EAE /* Build configuration list for PBXProject "3.5.3" */ = {
			isa = XCConfigurationList;
			buildConfigurations = (
				C0FD1FB61E826EE700261EAE /* Debug */,
				C0FD1FB71E826EE700261EAE /* Release */,
			);
			defaultConfigurationIsVisible = 0;
			defaultConfigurationName = Release;
		};
		C0FD1FB81E826EE700261EAE /* Build configuration list for PBXNativeTarget "3.5.3" */ = {
			isa = XCConfigurationList;
			buildConfigurations = (
				C0FD1FB91E826EE700261EAE /* Debug */,
				C0FD1FBA1E826EE700261EAE /* Release */,
			);
			defaultConfigurationIsVisible = 0;
		};
		C0FD1FC31E826EFC00261EAE /* Build configuration list for PBXNativeTarget "在方法之内定义静态变量" */ = {
			isa = XCConfigurationList;
			buildConfigurations = (
				C0FD1FC41E826EFC00261EAE /* Debug */,
				C0FD1FC51E826EFC00261EAE /* Release */,
			);
			defaultConfigurationIsVisible = 0;
		};
		C0FD1FD11E826F3C00261EAE /* Build configuration list for PBXNativeTarget "在方法之外定义静态变量" */ = {
			isa = XCConfigurationList;
			buildConfigurations = (
				C0FD1FD21E826F3C00261EAE /* Debug */,
				C0FD1FD31E826F3C00261EAE /* Release */,
			);
			defaultConfigurationIsVisible = 0;
		};
		C0FD1FDF1E82709600261EAE /* Build configuration list for PBXNativeTarget "静态变量的重要特性" */ = {
			isa = XCConfigurationList;
			buildConfigurations = (
				C0FD1FE01E82709600261EAE /* Debug */,
				C0FD1FE11E82709600261EAE /* Release */,
			);
			defaultConfigurationIsVisible = 0;
		};
/* End XCConfigurationList section */
	};
	rootObject = C0FD1FA91E826EE700261EAE /* Project object */;
}
